
Microsoft Visual Studio Solution File, Format Version 12.00
# Visual Studio Version 17
VisualStudioVersion = 17.8.34511.84
MinimumVisualStudioVersion = 10.0.40219.1
Project("{FAE04EC0-301F-11D3-BF4B-00C04F79EFBC}") = "Lab_0_Basics_of_CSharp", "Lab_0_Basics_of_CSharp.csproj", "{14DD414E-38A8-4ED8-93DD-FD63A49EC6E5}"
EndProject
Global
	GlobalSection(SolutionConfigurationPlatforms) = preSolution
		Debug|Any CPU = Debug|Any CPU
		Release|Any CPU = Release|Any CPU
	EndGlobalSection
	GlobalSection(ProjectConfigurationPlatforms) = postSolution
		{14DD414E-38A8-4ED8-93DD-FD63A49EC6E5}.Debug|Any CPU.ActiveCfg = Debug|Any CPU
		{14DD414E-38A8-4ED8-93DD-FD63A49EC6E5}.Debug|Any CPU.Build.0 = Debug|Any CPU
		{14DD414E-38A8-4ED8-93DD-FD63A49EC6E5}.Release|Any CPU.ActiveCfg = Release|Any CPU
		{14DD414E-38A8-4ED8-93DD-FD63A49EC6E5}.Release|Any CPU.Build.0 = Release|Any CPU
	EndGlobalSection
	GlobalSection(SolutionProperties) = preSolution
		HideSolutionNode = FALSE
	EndGlobalSection
	GlobalSection(ExtensibilityGlobals) = postSolution
		SolutionGuid = {2036DE5A-82D7-453D-910C-CD1E3EBD5761}
	EndGlobalSection
EndGlobal
